
Microsoft Visual Studio Solution File, Format Version 12.00
# Visual Studio Version 16
VisualStudioVersion = 16.0.29411.108
MinimumVisualStudioVersion = 10.0.40219.1
Project("{FAE04EC0-301F-11D3-BF4B-00C04F79EFBC}") = "Event_ATM_APP", "Event_ATM_APP\Event_ATM_APP.csproj", "{99ACDA67-8107-4ECF-8F43-095D597B527E}"
EndProject
Global
	GlobalSection(SolutionConfigurationPlatforms) = preSolution
		Debug|Any CPU = Debug|Any CPU
		Release|Any CPU = Release|Any CPU
	EndGlobalSection
	GlobalSection(ProjectConfigurationPlatforms) = postSolution
		{99ACDA67-8107-4ECF-8F43-095D597B527E}.Debug|Any CPU.ActiveCfg = Debug|Any CPU
		{99ACDA67-8107-4ECF-8F43-095D597B527E}.Debug|Any CPU.Build.0 = Debug|Any CPU
		{99ACDA67-8107-4ECF-8F43-095D597B527E}.Release|Any CPU.ActiveCfg = Release|Any CPU
		{99ACDA67-8107-4ECF-8F43-095D597B527E}.Release|Any CPU.Build.0 = Release|Any CPU
	EndGlobalSection
	GlobalSection(SolutionProperties) = preSolution
		HideSolutionNode = FALSE
	EndGlobalSection
	GlobalSection(ExtensibilityGlobals) = postSolution
		SolutionGuid = {FC3D778C-9126-4A57-8914-EF9276E3305C}
	EndGlobalSection
EndGlobal
