
Microsoft Visual Studio Solution File, Format Version 12.00
# Visual Studio Version 16
VisualStudioVersion = 16.0.29411.108
MinimumVisualStudioVersion = 10.0.40219.1
Project("{FAE04EC0-301F-11D3-BF4B-00C04F79EFBC}") = "Event_RFID_AttachToTicket_APP", "Event_RFID_AttachToTicket_APP\Event_RFID_AttachToTicket_APP.csproj", "{FFB4E006-BA0D-486C-8F32-C5B7CB4CC518}"
EndProject
Global
	GlobalSection(SolutionConfigurationPlatforms) = preSolution
		Debug|Any CPU = Debug|Any CPU
		Release|Any CPU = Release|Any CPU
	EndGlobalSection
	GlobalSection(ProjectConfigurationPlatforms) = postSolution
		{FFB4E006-BA0D-486C-8F32-C5B7CB4CC518}.Debug|Any CPU.ActiveCfg = Debug|Any CPU
		{FFB4E006-BA0D-486C-8F32-C5B7CB4CC518}.Debug|Any CPU.Build.0 = Debug|Any CPU
		{FFB4E006-BA0D-486C-8F32-C5B7CB4CC518}.Release|Any CPU.ActiveCfg = Release|Any CPU
		{FFB4E006-BA0D-486C-8F32-C5B7CB4CC518}.Release|Any CPU.Build.0 = Release|Any CPU
	EndGlobalSection
	GlobalSection(SolutionProperties) = preSolution
		HideSolutionNode = FALSE
	EndGlobalSection
	GlobalSection(ExtensibilityGlobals) = postSolution
		SolutionGuid = {371048BB-E4EE-45EA-8218-C788C483F2F0}
	EndGlobalSection
EndGlobal
