
Microsoft Visual Studio Solution File, Format Version 12.00
# Visual Studio Version 16
VisualStudioVersion = 16.0.29411.108
MinimumVisualStudioVersion = 10.0.40219.1
Project("{FAE04EC0-301F-11D3-BF4B-00C04F79EFBC}") = "Event_TransactionLogFileConversion", "Event_TransactionLogFileConversion\Event_TransactionLogFileConversion.csproj", "{89991A1F-EC02-4580-BB7E-8AB36F9D64BF}"
EndProject
Global
	GlobalSection(SolutionConfigurationPlatforms) = preSolution
		Debug|Any CPU = Debug|Any CPU
		Release|Any CPU = Release|Any CPU
	EndGlobalSection
	GlobalSection(ProjectConfigurationPlatforms) = postSolution
		{89991A1F-EC02-4580-BB7E-8AB36F9D64BF}.Debug|Any CPU.ActiveCfg = Debug|Any CPU
		{89991A1F-EC02-4580-BB7E-8AB36F9D64BF}.Debug|Any CPU.Build.0 = Debug|Any CPU
		{89991A1F-EC02-4580-BB7E-8AB36F9D64BF}.Release|Any CPU.ActiveCfg = Release|Any CPU
		{89991A1F-EC02-4580-BB7E-8AB36F9D64BF}.Release|Any CPU.Build.0 = Release|Any CPU
	EndGlobalSection
	GlobalSection(SolutionProperties) = preSolution
		HideSolutionNode = FALSE
	EndGlobalSection
	GlobalSection(ExtensibilityGlobals) = postSolution
		SolutionGuid = {A08D6C89-EB16-4A10-B082-10A356A6F51D}
	EndGlobalSection
EndGlobal
